github.com/davecgh/go-spew v1.1.1 h1:vj9j/u1bqnvCEfJOwUhtlOARqs3+rkHYY13jYWTU97c=
github.com/davecgh/go-spew v1.1.1/go.mod h1:J7Y8YcW2NihsgmVo/mv3lAwl/skON4iLHjSsI+c5H38=
github.com/go-ping/ping v0.0.0-20211014180314-6e2b003bffdd h1:WwvAAgvP2MO5bxYtSlDovMFWiTd9vi+Ey7CJ54wAUrc=
github.com/go-ping/ping v0.0.0-20211014180314-6e2b003bffdd/go.mod h1:xIFjORFzTxqIV/tDVGO4eDy/bLuSyawEeojSm3GfRGk=
github.com/google/go-cmp v0.2.0/go.mod h1:oXzfMopK8JAjlY9xF4vHSVASa0yLyX7SntLO5aqRK0M=
github.com/google/go-cmp v0.3.1 h1:Xye71clBPdm5HgqGwUkwhbynsUJZhDbS20FvLhQ2izg=
github.com/google/go-cmp v0.3.1/go.mod h1:8QqcDgzrUqlUb/G2PQTWiueGozuR1884gddMywk6iLU=
github.com/google/nftables v0.0.0-20210916140115-16a134723a96 h1:bCm0Cf+suMHiri9F+ss5n5W0AVas85K5Z0Hekgpe7N0=
github.com/google/nftables v0.0.0-20210916140115-16a134723a96/go.mod h1:cfspEyr/Ap+JDIITA+N9a0ernqG0qZ4W1aqMRgDZa1g=
github.com/google/uuid v1.2.0 h1:qJYtXnJRWmpe7m/3XlyhrsLrEURqHRM2kxzoxXqyUDs=
github.com/google/uuid v1.2.0/go.mod h1:TIyPZe4MgqvfeYDBFedMoGGpEw/LqOeaOT+nhxU+yHo=
github.com/jsimonetti/rtnetlink v0.0.0-20190606172950-9527aa82566a h1:84IpUNXj4mCR9CuCEvSiCArMbzr/TMbuPIadKDwypkI=
github.com/jsimonetti/rtnetlink v0.0.0-20190606172950-9527aa82566a/go.mod h1:Oz+70psSo5OFh8DBl0Zv2ACw7Esh6pPUphlvZG9x7uw=
github.com/koneu/natend v0.0.0-20150829182554-ec0926ea948d h1:MFX8DxRnKMY/2M3H61iSsVbo/n3h0MWGmWNN1UViOU0=
github.com/koneu/natend v0.0.0-20150829182554-ec0926ea948d/go.mod h1:QHb4k4cr1fQikUahfcRVPcEXiUgFsdIstGqlurL0XL4=
github.com/mdlayher/netlink v0.0.0-20190409211403-11939a169225/go.mod h1:eQB3mZE4aiYnlUsyGGCOpPETfdQq4Jhsgf1fk3cwQaA=
github.com/mdlayher/netlink v0.0.0-20191009155606-de872b0d824b h1:W3er9pI7mt2gOqOWzwvx20iJ8Akiqz1mUMTxU6wdvl8=
github.com/mdlayher/netlink v0.0.0-20191009155606-de872b0d824b/go.mod h1:KxeJAFOFLG6AjpyDkQ/iIhxygIUKD+vcwqcnu43w/+M=
github.com/pmezard/go-difflib v1.0.0 h1:4DBwDE0NGyQoBHbLQYPwSUPoCMWR5BEzIk/f1lZbAQM=
github.com/pmezard/go-difflib v1.0.0/go.mod h1:iKH77koFhYxTK1pcRnkKkqfTogsbg7gZNVY4sRDYZ/4=
github.com/sirupsen/logrus v1.8.1 h1:dJKuHgqk1NNQlqoA6BTlM1Wf9DOH3NBjQyu0h9+AZZE=
github.com/sirupsen/logrus v1.8.1/go.mod h1:yWOB1SBYBC5VeMP7gHvWumXLIWorT60ONWic61uBYv0=
github.com/stretchr/testify v1.2.2 h1:bSDNvY7ZPG5RlJ8otE/7V6gMiyenm9RtJ7IUVIAoJ1w=
github.com/stretchr/testify v1.2.2/go.mod h1:a8OnRcib4nhh0OaRAV+Yts87kKdq0PP7pXfy6kDkUVs=
github.com/stv0g/netlink v1.1.1-gont h1:8NX2DjltMD4Ufi/z5ytdnPg9xtfTa+uo5t2sh+168bE=
github.com/stv0g/netlink v1.1.1-gont/go.mod h1:twkDnbuQxJYemMlGd4JFIcuhgX83tXhKS2B/PRMpOho=
github.com/stv0g/netns v0.0.0-20211014154538-c4d5d2062cf1 h1:15UyI1oeWLMYxS205eWL5nDxQbAVRR8CUhO+/z4UrjU=
github.com/stv0g/netns v0.0.0-20211014154538-c4d5d2062cf1/go.mod h1:DD4vA1DwXk04H54A1oHXtwZmA0grkVMdPxx/VGLCah0=
golang.org/x/crypto v0.0.0-20190308221718-c2843e01d9a2/go.mod h1:djNgcEr1/C05ACkg1iLfiJU5Ep61QUkGW8qpdssI0+w=
golang.org/x/crypto v0.0.0-20210921155107-089bfa567519 h1:7I4JAnoQBe7ZtJcBaYHi5UtiO8tQHbUSXxL+pnGRANg=
golang.org/x/crypto v0.0.0-20210921155107-089bfa567519/go.mod h1:GvvjBRRGRdwPK5ydBHafDWAxML/pGHZbMvKqRZ5+Abc=
golang.org/x/net v0.0.0-20190311183353-d8887717615a/go.mod h1:t9HGtf8HONx5eT2rtn7q6eTqICYqUVnKs3thJo3Qplg=
golang.org/x/net v0.0.0-20190827160401-ba9fcec4b297/go.mod h1:z5CRVTTTmAJ677TzLLGU+0bjPO0LkuOLi4/5GtJWs/s=
golang.org/x/net v0.0.0-20191028085509-fe3aa8a45271/go.mod h1:z5CRVTTTmAJ677TzLLGU+0bjPO0LkuOLi4/5GtJWs/s=
golang.org/x/net v0.0.0-20210316092652-d523dce5a7f4 h1:b0LrWgu8+q7z4J+0Y3Umo5q1dL7NXBkKBWkaVkAq17E=
golang.org/x/net v0.0.0-20210316092652-d523dce5a7f4/go.mod h1:RBQZq4jEuRlivfhVLdyRGr576XBO4/greRjx4P4O3yc=
golang.org/x/sync v0.0.0-20210220032951-036812b2e83c h1:5KslGYwFpkhGh+Q16bwMP3cOontH8FOep7tGV86Y7SQ=
golang.org/x/sync v0.0.0-20210220032951-036812b2e83c/go.mod h1:RxMgew5VJxzue5/jJTE5uejpjVlOe/izrB70Jof72aM=
golang.org/x/sys v0.0.0-20190215142949-d0b11bdaac8a/go.mod h1:STP8DvDyc/dI5b8T5hshtkjS+E42TnysNCUPdjciGhY=
golang.org/x/sys v0.0.0-20190312061237-fead79001313/go.mod h1:h1NjWce9XRLGQEsW7wpKNCjG9DtNlClVuFLEZdDNbEs=
golang.org/x/sys v0.0.0-20190411185658-b44545bcd369/go.mod h1:h1NjWce9XRLGQEsW7wpKNCjG9DtNlClVuFLEZdDNbEs=
golang.org/x/sys v0.0.0-20190826190057-c7b8b68b1456/go.mod h1:h1NjWce9XRLGQEsW7wpKNCjG9DtNlClVuFLEZdDNbEs=
golang.org/x/sys v0.0.0-20191026070338-33540a1f6037/go.mod h1:h1NjWce9XRLGQEsW7wpKNCjG9DtNlClVuFLEZdDNbEs=
golang.org/x/sys v0.0.0-20191029155521-f43be2a4598c/go.mod h1:h1NjWce9XRLGQEsW7wpKNCjG9DtNlClVuFLEZdDNbEs=
golang.org/x/sys v0.0.0-20200217220822-9197077df867/go.mod h1:h1NjWce9XRLGQEsW7wpKNCjG9DtNlClVuFLEZdDNbEs=
golang.org/x/sys v0.0.0-20200728102440-3e129f6d46b1/go.mod h1:h1NjWce9XRLGQEsW7wpKNCjG9DtNlClVuFLEZdDNbEs=
golang.org/x/sys v0.0.0-20201119102817-f84b799fce68/go.mod h1:h1NjWce9XRLGQEsW7wpKNCjG9DtNlClVuFLEZdDNbEs=
golang.org/x/sys v0.0.0-20210315160823-c6e025ad8005 h1:pDMpM2zh2MT0kHy037cKlSby2nEhD50SYqwQk76Nm40=
golang.org/x/sys v0.0.0-20210315160823-c6e025ad8005/go.mod h1:h1NjWce9XRLGQEsW7wpKNCjG9DtNlClVuFLEZdDNbEs=
golang.org/x/sys v0.0.0-20210615035016-665e8c7367d1 h1:SrN+KX8Art/Sf4HNj6Zcz06G7VEz+7w9tdXTPOZ7+l4=
golang.org/x/sys v0.0.0-20210615035016-665e8c7367d1/go.mod h1:oPkhp1MJrh7nUepCBck5+mAzfO9JrbApNNgaTdGDITg=
golang.org/x/term v0.0.0-20201126162022-7de9c90e9dd1/go.mod h1:bj7SfCRtBDWHUb9snDiAeCFNEtKQo2Wmx5Cou7ajbmo=
golang.org/x/text v0.3.0/go.mod h1:NqM8EUOU14njkJ3fqMW+pc6Ldnwhi/IjpwHt7yyuwOQ=
golang.org/x/text v0.3.3/go.mod h1:5Zoc/QRtKVWzQhOtBMvqHzDpF6irO9z98xDceosuGiQ=
golang.org/x/text v0.3.7 h1:olpwvP2KacW1ZWvsR7uQhoyTYvKAupfQrRGBFM352Gk=
golang.org/x/text v0.3.7/go.mod h1:u+2+/6zg+i71rQMx5EYifcz6MCKuco9NR6JIITiCfzQ=
golang.org/x/tools v0.0.0-20180917221912-90fa682c2a6e/go.mod h1:n7NCudcB/nEzxVGmLbDWY5pfWTLqBcC2KZ6jyYvM4mQ=
kernel.org/pub/linux/libs/security/libcap/cap v1.2.59 h1:xqF0sD4s9McJbDNTmZ50wYHShxe1/sdhPykmPso49+c=
kernel.org/pub/linux/libs/security/libcap/cap v1.2.59/go.mod h1:kZPzWsMLT0RRe+22Y3Q9JvAcNdbXl/BTzuWT6vkAhzM=
kernel.org/pub/linux/libs/security/libcap/psx v1.2.59 h1:VDNHJHqajptyFeR0g0//+BEYpTpbKPaVXtkb1OObQDc=
kernel.org/pub/linux/libs/security/libcap/psx v1.2.59/go.mod h1:+l6Ee2F59XiJ2I6WR5ObpC1utCQJZ/VLsEbQCD8RG24=
